{
  "pins" : [
    {
      "identity" : "arrayenhancer",
      "kind" : "remoteSourceControl",
      "location" : "https://github.com/Iliasnolsson/ArrayEnhancer",
      "state" : {
        "revision" : "d346400c79f28988f7ba8829e771e1ce33a4d65c",
        "version" : "1.0.1"
      }
    }
  ],
  "version" : 2
}
